
Microsoft Visual Studio Solution File, Format Version 12.00
# Visual Studio Version 17
VisualStudioVersion = 17.8.34322.80
MinimumVisualStudioVersion = 10.0.40219.1
Project("{FAE04EC0-301F-11D3-BF4B-00C04F79EFBC}") = "NetaSabaPortal", "NetaSabaPortal\NetaSabaPortal.csproj", "{DA92F449-FD5D-41F0-92E4-54BADB3D21F2}"
EndProject
Project("{9A19103F-16F7-4668-BE54-9A1E7A4F7556}") = "ValvePak", "ValvePak\ValvePak.csproj", "{20A67B11-BCF7-4CBC-815D-0245F98FDE46}"
EndProject
Global
	GlobalSection(SolutionConfigurationPlatforms) = preSolution
		Debug|Any CPU = Debug|Any CPU
		Release|Any CPU = Release|Any CPU
	EndGlobalSection
	GlobalSection(ProjectConfigurationPlatforms) = postSolution
		{DA92F449-FD5D-41F0-92E4-54BADB3D21F2}.Debug|Any CPU.ActiveCfg = Debug|Any CPU
		{DA92F449-FD5D-41F0-92E4-54BADB3D21F2}.Debug|Any CPU.Build.0 = Debug|Any CPU
		{DA92F449-FD5D-41F0-92E4-54BADB3D21F2}.Release|Any CPU.ActiveCfg = Release|Any CPU
		{DA92F449-FD5D-41F0-92E4-54BADB3D21F2}.Release|Any CPU.Build.0 = Release|Any CPU
		{20A67B11-BCF7-4CBC-815D-0245F98FDE46}.Debug|Any CPU.ActiveCfg = Debug|Any CPU
		{20A67B11-BCF7-4CBC-815D-0245F98FDE46}.Debug|Any CPU.Build.0 = Debug|Any CPU
		{20A67B11-BCF7-4CBC-815D-0245F98FDE46}.Release|Any CPU.ActiveCfg = Release|Any CPU
		{20A67B11-BCF7-4CBC-815D-0245F98FDE46}.Release|Any CPU.Build.0 = Release|Any CPU
	EndGlobalSection
	GlobalSection(SolutionProperties) = preSolution
		HideSolutionNode = FALSE
	EndGlobalSection
	GlobalSection(ExtensibilityGlobals) = postSolution
		SolutionGuid = {387C7E5B-7C56-4C93-ACA7-33A7F6409D2D}
	EndGlobalSection
EndGlobal
