
Microsoft Visual Studio Solution File, Format Version 12.00
# Visual Studio Version 17
VisualStudioVersion = 17.8.34322.80
MinimumVisualStudioVersion = 10.0.40219.1
Project("{9A19103F-16F7-4668-BE54-9A1E7A4F7556}") = "NetaSabaPortal", "NetaSabaPortal\NetaSabaPortal.csproj", "{DA92F449-FD5D-41F0-92E4-54BADB3D21F2}"
EndProject
Project("{9A19103F-16F7-4668-BE54-9A1E7A4F7556}") = "ValvePak", "ValvePak\ValvePak.csproj", "{20A67B11-BCF7-4CBC-815D-0245F98FDE46}"
EndProject
Project("{9A19103F-16F7-4668-BE54-9A1E7A4F7556}") = "Nogic.WritableOptions", "Nogic.WritableOptions\Nogic.WritableOptions.csproj", "{97060ABC-EBF5-4CF8-9A11-12EC12065558}"
EndProject
Project("{9A19103F-16F7-4668-BE54-9A1E7A4F7556}") = "QueryMaster", "QueryMaster\QueryMaster.csproj", "{4CA9C894-518F-42D7-BBE2-CFDFE7A03F8A}"
EndProject
Project("{9A19103F-16F7-4668-BE54-9A1E7A4F7556}") = "SteamQueryNet", "SteamQueryNet\SteamQueryNet.csproj", "{B060140A-C440-49E1-8256-5B8AC9939CC5}"
EndProject
Global
	GlobalSection(SolutionConfigurationPlatforms) = preSolution
		Debug|Any CPU = Debug|Any CPU
		Debug|x86 = Debug|x86
		Release|Any CPU = Release|Any CPU
		Release|x86 = Release|x86
	EndGlobalSection
	GlobalSection(ProjectConfigurationPlatforms) = postSolution
		{DA92F449-FD5D-41F0-92E4-54BADB3D21F2}.Debug|Any CPU.ActiveCfg = Debug|Any CPU
		{DA92F449-FD5D-41F0-92E4-54BADB3D21F2}.Debug|Any CPU.Build.0 = Debug|Any CPU
		{DA92F449-FD5D-41F0-92E4-54BADB3D21F2}.Debug|x86.ActiveCfg = Debug|Any CPU
		{DA92F449-FD5D-41F0-92E4-54BADB3D21F2}.Debug|x86.Build.0 = Debug|Any CPU
		{DA92F449-FD5D-41F0-92E4-54BADB3D21F2}.Release|Any CPU.ActiveCfg = Release|Any CPU
		{DA92F449-FD5D-41F0-92E4-54BADB3D21F2}.Release|Any CPU.Build.0 = Release|Any CPU
		{DA92F449-FD5D-41F0-92E4-54BADB3D21F2}.Release|x86.ActiveCfg = Release|Any CPU
		{DA92F449-FD5D-41F0-92E4-54BADB3D21F2}.Release|x86.Build.0 = Release|Any CPU
		{20A67B11-BCF7-4CBC-815D-0245F98FDE46}.Debug|Any CPU.ActiveCfg = Debug|Any CPU
		{20A67B11-BCF7-4CBC-815D-0245F98FDE46}.Debug|Any CPU.Build.0 = Debug|Any CPU
		{20A67B11-BCF7-4CBC-815D-0245F98FDE46}.Debug|x86.ActiveCfg = Debug|Any CPU
		{20A67B11-BCF7-4CBC-815D-0245F98FDE46}.Debug|x86.Build.0 = Debug|Any CPU
		{20A67B11-BCF7-4CBC-815D-0245F98FDE46}.Release|Any CPU.ActiveCfg = Release|Any CPU
		{20A67B11-BCF7-4CBC-815D-0245F98FDE46}.Release|Any CPU.Build.0 = Release|Any CPU
		{20A67B11-BCF7-4CBC-815D-0245F98FDE46}.Release|x86.ActiveCfg = Release|Any CPU
		{20A67B11-BCF7-4CBC-815D-0245F98FDE46}.Release|x86.Build.0 = Release|Any CPU
		{97060ABC-EBF5-4CF8-9A11-12EC12065558}.Debug|Any CPU.ActiveCfg = Debug|Any CPU
		{97060ABC-EBF5-4CF8-9A11-12EC12065558}.Debug|Any CPU.Build.0 = Debug|Any CPU
		{97060ABC-EBF5-4CF8-9A11-12EC12065558}.Debug|x86.ActiveCfg = Debug|Any CPU
		{97060ABC-EBF5-4CF8-9A11-12EC12065558}.Debug|x86.Build.0 = Debug|Any CPU
		{97060ABC-EBF5-4CF8-9A11-12EC12065558}.Release|Any CPU.ActiveCfg = Release|Any CPU
		{97060ABC-EBF5-4CF8-9A11-12EC12065558}.Release|Any CPU.Build.0 = Release|Any CPU
		{97060ABC-EBF5-4CF8-9A11-12EC12065558}.Release|x86.ActiveCfg = Release|Any CPU
		{97060ABC-EBF5-4CF8-9A11-12EC12065558}.Release|x86.Build.0 = Release|Any CPU
		{4CA9C894-518F-42D7-BBE2-CFDFE7A03F8A}.Debug|Any CPU.ActiveCfg = Debug|Any CPU
		{4CA9C894-518F-42D7-BBE2-CFDFE7A03F8A}.Debug|Any CPU.Build.0 = Debug|Any CPU
		{4CA9C894-518F-42D7-BBE2-CFDFE7A03F8A}.Debug|x86.ActiveCfg = Debug|x86
		{4CA9C894-518F-42D7-BBE2-CFDFE7A03F8A}.Debug|x86.Build.0 = Debug|x86
		{4CA9C894-518F-42D7-BBE2-CFDFE7A03F8A}.Release|Any CPU.ActiveCfg = Release|Any CPU
		{4CA9C894-518F-42D7-BBE2-CFDFE7A03F8A}.Release|Any CPU.Build.0 = Release|Any CPU
		{4CA9C894-518F-42D7-BBE2-CFDFE7A03F8A}.Release|x86.ActiveCfg = Release|x86
		{4CA9C894-518F-42D7-BBE2-CFDFE7A03F8A}.Release|x86.Build.0 = Release|x86
		{B060140A-C440-49E1-8256-5B8AC9939CC5}.Debug|Any CPU.ActiveCfg = Debug|Any CPU
		{B060140A-C440-49E1-8256-5B8AC9939CC5}.Debug|Any CPU.Build.0 = Debug|Any CPU
		{B060140A-C440-49E1-8256-5B8AC9939CC5}.Debug|x86.ActiveCfg = Debug|Any CPU
		{B060140A-C440-49E1-8256-5B8AC9939CC5}.Debug|x86.Build.0 = Debug|Any CPU
		{B060140A-C440-49E1-8256-5B8AC9939CC5}.Release|Any CPU.ActiveCfg = Release|Any CPU
		{B060140A-C440-49E1-8256-5B8AC9939CC5}.Release|Any CPU.Build.0 = Release|Any CPU
		{B060140A-C440-49E1-8256-5B8AC9939CC5}.Release|x86.ActiveCfg = Release|Any CPU
		{B060140A-C440-49E1-8256-5B8AC9939CC5}.Release|x86.Build.0 = Release|Any CPU
	EndGlobalSection
	GlobalSection(SolutionProperties) = preSolution
		HideSolutionNode = FALSE
	EndGlobalSection
	GlobalSection(ExtensibilityGlobals) = postSolution
		SolutionGuid = {387C7E5B-7C56-4C93-ACA7-33A7F6409D2D}
	EndGlobalSection
EndGlobal
